// !$*UTF8*$!
{
	archiveVersion = 1;
	classes = {
	};
	objectVersion = 46;
	objects = {

/* Begin PBXBuildFile section */
		03D3F69E1D54C6140041002F /* StickerPackExtension.appex in Embed App Extensions */ = {isa = PBXBuildFile; fileRef = 03D3F69D1D54C6140041002F /* StickerPackExtension.appex */; settings = {ATTRIBUTES = (RemoveHeadersOnCopy, ); }; };
		03D3F6A21D54C6140041002F /* Stickers.xcstickers in Resources */ = {isa = PBXBuildFile; fileRef = 03D3F6A11D54C6140041002F /* Stickers.xcstickers */; };
		03D3F6A31D54C6140041002F /* Stickers.xcstickers in Resources */ = {isa = PBXBuildFile; fileRef = 03D3F6A11D54C6140041002F /* Stickers.xcstickers */; };
/* End PBXBuildFile section */

/* Begin PBXContainerItemProxy section */
		03D3F69F1D54C6140041002F /* PBXContainerItemProxy */ = {
			isa = PBXContainerItemProxy;
			containerPortal = 03D3F6931D54C6140041002F /* Project object */;
			proxyType = 1;
			remoteGlobalIDString = 03D3F69C1D54C6140041002F;
			remoteInfo = StickerPackExtension;
		};
/* End PBXContainerItemProxy section */

/* Begin PBXCopyFilesBuildPhase section */
		03D3F6A91D54C6140041002F /* Embed App Extensions */ = {
			isa = PBXCopyFilesBuildPhase;
			buildActionMask = 2147483647;
			dstPath = "";
			dstSubfolderSpec = 13;
			files = (
				03D3F69E1D54C6140041002F /* StickerPackExtension.appex in Embed App Extensions */,
			);
			name = "Embed App Extensions";
			runOnlyForDeploymentPostprocessing = 0;
		};
/* End PBXCopyFilesBuildPhase section */

/* Begin PBXFileReference section */
		03D3F6991D54C6140041002F /* DUMP.app */ = {isa = PBXFileReference; explicitFileType = wrapper.application; includeInIndex = 0; path = DUMP.app; sourceTree = BUILT_PRODUCTS_DIR; };
		03D3F69D1D54C6140041002F /* StickerPackExtension.appex */ = {isa = PBXFileReference; explicitFileType = "wrapper.app-extension"; includeInIndex = 0; path = StickerPackExtension.appex; sourceTree = BUILT_PRODUCTS_DIR; };
		03D3F6A11D54C6140041002F /* Stickers.xcstickers */ = {isa = PBXFileReference; lastKnownFileType = folder.stickers; name = Stickers.xcstickers; path = StickerPackExtension/Stickers.xcstickers; sourceTree = "<group>"; };
/* End PBXFileReference section */

/* Begin PBXGroup section */
		03D3F6921D54C6140041002F = {
			isa = PBXGroup;
			children = (
				03D3F6A11D54C6140041002F /* Stickers.xcstickers */,
				03D3F69A1D54C6140041002F /* Products */,
			);
			sourceTree = "<group>";
		};
		03D3F69A1D54C6140041002F /* Products */ = {
			isa = PBXGroup;
			children = (
				03D3F6991D54C6140041002F /* DUMP.app */,
				03D3F69D1D54C6140041002F /* StickerPackExtension.appex */,
			);
			name = Products;
			sourceTree = "<group>";
		};
/* End PBXGroup section */

/* Begin PBXNativeTarget section */
		03D3F6981D54C6140041002F /* DUMP */ = {
			isa = PBXNativeTarget;
			buildConfigurationList = 03D3F6AA1D54C6140041002F /* Build configuration list for PBXNativeTarget "DUMP" */;
			buildPhases = (
				03D3F6971D54C6140041002F /* Resources */,
				03D3F6A91D54C6140041002F /* Embed App Extensions */,
			);
			buildRules = (
			);
			dependencies = (
				03D3F6A01D54C6140041002F /* PBXTargetDependency */,
			);
			name = DUMP;
			productName = DUMP;
			productReference = 03D3F6991D54C6140041002F /* DUMP.app */;
			productType = "com.apple.product-type.application.messages";
		};
		03D3F69C1D54C6140041002F /* StickerPackExtension */ = {
			isa = PBXNativeTarget;
			buildConfigurationList = 03D3F6A61D54C6140041002F /* Build configuration list for PBXNativeTarget "StickerPackExtension" */;
			buildPhases = (
				03D3F69B1D54C6140041002F /* Resources */,
			);
			buildRules = (
			);
			dependencies = (
			);
			name = StickerPackExtension;
			productName = StickerPackExtension;
			productReference = 03D3F69D1D54C6140041002F /* StickerPackExtension.appex */;
			productType = "com.apple.product-type.app-extension.messages-sticker-pack";
		};
/* End PBXNativeTarget section */

/* Begin PBXProject section */
		03D3F6931D54C6140041002F /* Project object */ = {
			isa = PBXProject;
			attributes = {
				LastUpgradeCheck = 0800;
				ORGANIZATIONNAME = m4rr;
				TargetAttributes = {
					03D3F6981D54C6140041002F = {
						CreatedOnToolsVersion = 8.0;
						DevelopmentTeam = Y5P7AX9UM2;
						ProvisioningStyle = Automatic;
					};
					03D3F69C1D54C6140041002F = {
						CreatedOnToolsVersion = 8.0;
						DevelopmentTeam = Y5P7AX9UM2;
						ProvisioningStyle = Automatic;
					};
				};
			};
			buildConfigurationList = 03D3F6961D54C6140041002F /* Build configuration list for PBXProject "DUMP" */;
			compatibilityVersion = "Xcode 3.2";
			developmentRegion = English;
			hasScannedForEncodings = 0;
			knownRegions = (
				en,
			);
			mainGroup = 03D3F6921D54C6140041002F;
			productRefGroup = 03D3F69A1D54C6140041002F /* Products */;
			projectDirPath = "";
			projectRoot = "";
			targets = (
				03D3F6981D54C6140041002F /* DUMP */,
				03D3F69C1D54C6140041002F /* StickerPackExtension */,
			);
		};
/* End PBXProject section */

/* Begin PBXResourcesBuildPhase section */
		03D3F6971D54C6140041002F /* Resources */ = {
			isa = PBXResourcesBuildPhase;
			buildActionMask = 2147483647;
			files = (
				03D3F6A31D54C6140041002F /* Stickers.xcstickers in Resources */,
			);
			runOnlyForDeploymentPostprocessing = 0;
		};
		03D3F69B1D54C6140041002F /* Resources */ = {
			isa = PBXResourcesBuildPhase;
			buildActionMask = 2147483647;
			files = (
				03D3F6A21D54C6140041002F /* Stickers.xcstickers in Resources */,
			);
			runOnlyForDeploymentPostprocessing = 0;
		};
/* End PBXResourcesBuildPhase section */

/* Begin PBXTargetDependency section */
		03D3F6A01D54C6140041002F /* PBXTargetDependency */ = {
			isa = PBXTargetDependency;
			target = 03D3F69C1D54C6140041002F /* StickerPackExtension */;
			targetProxy = 03D3F69F1D54C6140041002F /* PBXContainerItemProxy */;
		};
/* End PBXTargetDependency section */

/* Begin XCBuildConfiguration section */
		03D3F6A41D54C6140041002F /* Debug */ = {
			isa = XCBuildConfiguration;
			buildSettings = {
				ALWAYS_SEARCH_USER_PATHS = NO;
				CLANG_ANALYZER_NONNULL = YES;
				CLANG_CXX_LANGUAGE_STANDARD = "gnu++0x";
				CLANG_CXX_LIBRARY = "libc++";
				CLANG_ENABLE_MODULES = YES;
				CLANG_ENABLE_OBJC_ARC = YES;
				CLANG_WARN_BOOL_CONVERSION = YES;
				CLANG_WARN_CONSTANT_CONVERSION = YES;
				CLANG_WARN_DIRECT_OBJC_ISA_USAGE = YES_ERROR;
				CLANG_WARN_DOCUMENTATION_COMMENTS = YES;
				CLANG_WARN_EMPTY_BODY = YES;
				CLANG_WARN_ENUM_CONVERSION = YES;
				CLANG_WARN_INFINITE_RECURSION = YES;
				CLANG_WARN_INT_CONVERSION = YES;
				CLANG_WARN_OBJC_ROOT_CLASS = YES_ERROR;
				CLANG_WARN_SUSPICIOUS_MOVES = YES;
				CLANG_WARN_UNREACHABLE_CODE = YES;
				CLANG_WARN__DUPLICATE_METHOD_MATCH = YES;
				"CODE_SIGN_IDENTITY[sdk=iphoneos*]" = "iPhone Developer";
				COPY_PHASE_STRIP = NO;
				DEBUG_INFORMATION_FORMAT = dwarf;
				ENABLE_STRICT_OBJC_MSGSEND = YES;
				ENABLE_TESTABILITY = YES;
				GCC_C_LANGUAGE_STANDARD = gnu99;
				GCC_DYNAMIC_NO_PIC = NO;
				GCC_NO_COMMON_BLOCKS = YES;
				GCC_OPTIMIZATION_LEVEL = 0;
				GCC_PREPROCESSOR_DEFINITIONS = (
					"DEBUG=1",
					"$(inherited)",
				);
				GCC_WARN_64_TO_32_BIT_CONVERSION = YES;
				GCC_WARN_ABOUT_RETURN_TYPE = YES_ERROR;
				GCC_WARN_UNDECLARED_SELECTOR = YES;
				GCC_WARN_UNINITIALIZED_AUTOS = YES_AGGRESSIVE;
				GCC_WARN_UNUSED_FUNCTION = YES;
				GCC_WARN_UNUSED_VARIABLE = YES;
				IPHONEOS_DEPLOYMENT_TARGET = 10.0;
				MTL_ENABLE_DEBUG_INFO = YES;
				ONLY_ACTIVE_ARCH = YES;
				SDKROOT = iphoneos;
			};
			name = Debug;
		};
		03D3F6A51D54C6140041002F /* Release */ = {
			isa = XCBuildConfiguration;
			buildSettings = {
				ALWAYS_SEARCH_USER_PATHS = NO;
				CLANG_ANALYZER_NONNULL = YES;
				CLANG_CXX_LANGUAGE_STANDARD = "gnu++0x";
				CLANG_CXX_LIBRARY = "libc++";
				CLANG_ENABLE_MODULES = YES;
				CLANG_ENABLE_OBJC_ARC = YES;
				CLANG_WARN_BOOL_CONVERSION = YES;
				CLANG_WARN_CONSTANT_CONVERSION = YES;
				CLANG_WARN_DIRECT_OBJC_ISA_USAGE = YES_ERROR;
				CLANG_WARN_DOCUMENTATION_COMMENTS = YES;
				CLANG_WARN_EMPTY_BODY = YES;
				CLANG_WARN_ENUM_CONVERSION = YES;
				CLANG_WARN_INFINITE_RECURSION = YES;
				CLANG_WARN_INT_CONVERSION = YES;
				CLANG_WARN_OBJC_ROOT_CLASS = YES_ERROR;
				CLANG_WARN_SUSPICIOUS_MOVES = YES;
				CLANG_WARN_UNREACHABLE_CODE = YES;
				CLANG_WARN__DUPLICATE_METHOD_MATCH = YES;
				"CODE_SIGN_IDENTITY[sdk=iphoneos*]" = "iPhone Developer";
				COPY_PHASE_STRIP = NO;
				DEBUG_INFORMATION_FORMAT = "dwarf-with-dsym";
				ENABLE_NS_ASSERTIONS = NO;
				ENABLE_STRICT_OBJC_MSGSEND = YES;
				GCC_C_LANGUAGE_STANDARD = gnu99;
				GCC_NO_COMMON_BLOCKS = YES;
				GCC_WARN_64_TO_32_BIT_CONVERSION = YES;
				GCC_WARN_ABOUT_RETURN_TYPE = YES_ERROR;
				GCC_WARN_UNDECLARED_SELECTOR = YES;
				GCC_WARN_UNINITIALIZED_AUTOS = YES_AGGRESSIVE;
				GCC_WARN_UNUSED_FUNCTION = YES;
				GCC_WARN_UNUSED_VARIABLE = YES;
				IPHONEOS_DEPLOYMENT_TARGET = 10.0;
				MTL_ENABLE_DEBUG_INFO = NO;
				SDKROOT = iphoneos;
				VALIDATE_PRODUCT = YES;
			};
			name = Release;
		};
		03D3F6A71D54C6140041002F /* Debug */ = {
			isa = XCBuildConfiguration;
			buildSettings = {
				ASSETCATALOG_COMPILER_APPICON_NAME = "iMessage App Icon";
				DEVELOPMENT_TEAM = Y5P7AX9UM2;
				INFOPLIST_FILE = StickerPackExtension/Info.plist;
				PRODUCT_BUNDLE_IDENTIFIER = com.m4rr.DUMP.StickerPackExtension;
				PRODUCT_NAME = "$(TARGET_NAME)";
				SKIP_INSTALL = YES;
			};
			name = Debug;
		};
		03D3F6A81D54C6140041002F /* Release */ = {
			isa = XCBuildConfiguration;
			buildSettings = {
				ASSETCATALOG_COMPILER_APPICON_NAME = "iMessage App Icon";
				DEVELOPMENT_TEAM = Y5P7AX9UM2;
				INFOPLIST_FILE = StickerPackExtension/Info.plist;
				PRODUCT_BUNDLE_IDENTIFIER = com.m4rr.DUMP.StickerPackExtension;
				PRODUCT_NAME = "$(TARGET_NAME)";
				SKIP_INSTALL = YES;
			};
			name = Release;
		};
		03D3F6AB1D54C6140041002F /* Debug */ = {
			isa = XCBuildConfiguration;
			buildSettings = {
				ASSETCATALOG_COMPILER_APPICON_NAME = "iMessage App Icon";
				DEVELOPMENT_TEAM = Y5P7AX9UM2;
				INFOPLIST_FILE = DUMP/Info.plist;
				PRODUCT_BUNDLE_IDENTIFIER = com.m4rr.DUMP;
				PRODUCT_NAME = "$(TARGET_NAME)";
				TARGETED_DEVICE_FAMILY = "1,2";
			};
			name = Debug;
		};
		03D3F6AC1D54C6140041002F /* Release */ = {
			isa = XCBuildConfiguration;
			buildSettings = {
				ASSETCATALOG_COMPILER_APPICON_NAME = "iMessage App Icon";
				DEVELOPMENT_TEAM = Y5P7AX9UM2;
				INFOPLIST_FILE = DUMP/Info.plist;
				PRODUCT_BUNDLE_IDENTIFIER = com.m4rr.DUMP;
				PRODUCT_NAME = "$(TARGET_NAME)";
				TARGETED_DEVICE_FAMILY = "1,2";
			};
			name = Release;
		};
/* End XCBuildConfiguration section */

/* Begin XCConfigurationList section */
		03D3F6961D54C6140041002F /* Build configuration list for PBXProject "DUMP" */ = {
			isa = XCConfigurationList;
			buildConfigurations = (
				03D3F6A41D54C6140041002F /* Debug */,
				03D3F6A51D54C6140041002F /* Release */,
			);
			defaultConfigurationIsVisible = 0;
			defaultConfigurationName = Release;
		};
		03D3F6A61D54C6140041002F /* Build configuration list for PBXNativeTarget "StickerPackExtension" */ = {
			isa = XCConfigurationList;
			buildConfigurations = (
				03D3F6A71D54C6140041002F /* Debug */,
				03D3F6A81D54C6140041002F /* Release */,
			);
			defaultConfigurationIsVisible = 0;
		};
		03D3F6AA1D54C6140041002F /* Build configuration list for PBXNativeTarget "DUMP" */ = {
			isa = XCConfigurationList;
			buildConfigurations = (
				03D3F6AB1D54C6140041002F /* Debug */,
				03D3F6AC1D54C6140041002F /* Release */,
			);
			defaultConfigurationIsVisible = 0;
		};
/* End XCConfigurationList section */
	};
	rootObject = 03D3F6931D54C6140041002F /* Project object */;
}
